lockfileVersion: '6.0'

settings:
  autoInstallPeers: true
  excludeLinksFromLockfile: false

devDependencies:
  postcss:
    specifier: latest
    version: 8.4.29
  postcss-scss:
    specifier: latest
    version: 4.0.7(postcss@8.4.29)

packages:

  /nanoid@3.3.6:
    resolution: {integrity: sha512-BGcqMMJuToF7i1rt+2PWSNVnWIkGCU78jBG3RxO/bZlnZPK2Cmi2QaffxGO/2RvWi9sL+FAiRiXMgsyxQ1DIDA==}
    engines: {node: ^10 || ^12 || ^13.7 || ^14 || >=15.0.1}
    hasBin: true
    dev: true

  /picocolors@1.0.0:
    resolution: {integrity: sha512-1fygroTLlHu66zi26VoTDv8yRgm0Fccecssto+MhsZ0D/DGW2sm8E8AjW7NU5VVTRt5GxbeZ5qBuJr+HyLYkjQ==}
    dev: true

  /postcss-scss@4.0.7(postcss@8.4.29):
    resolution: {integrity: sha512-xPv2GseoyXPa58Nro7M73ZntttusuCmZdeOojUFR5PZDz2BR62vfYx1w9TyOnp1+nYFowgOMipsCBhxzVkAEPw==}
    engines: {node: '>=12.0'}
    peerDependencies:
      postcss: ^8.4.19
    dependencies:
      postcss: 8.4.29
    dev: true

  /postcss@8.4.29:
    resolution: {integrity: sha512-cbI+jaqIeu/VGqXEarWkRCCffhjgXc0qjBtXpqJhTBohMUjUQnbBr0xqX3vEKudc4iviTewcJo5ajcec5+wdJw==}
    engines: {node: ^10 || ^12 || >=14}
    dependencies:
      nanoid: 3.3.6
      picocolors: 1.0.0
      source-map-js: 1.0.2
    dev: true

  /source-map-js@1.0.2:
    resolution: {integrity: sha512-R0XvVJ9WusLiqTCEiGCmICCMplcCkIwwR11mOSD9CR5u+IXYdiseeEuXCVAjS54zqwkLcPNnmU4OeJ6tUrWhDw==}
    engines: {node: '>=0.10.0'}
    dev: true
